
Microsoft Visual Studio Solution File, Format Version 12.00
# Visual Studio Version 16
VisualStudioVersion = 16.0.32002.261
MinimumVisualStudioVersion = 10.0.40219.1
Project("{FAE04EC0-301F-11D3-BF4B-00C04F79EFBC}") = "KawalCoronaSharp", "KawalCoronaSharp\KawalCoronaSharp.csproj", "{1BBACF81-5F06-430A-AEA5-7CEB2C86F3C6}"
EndProject
Project("{FAE04EC0-301F-11D3-BF4B-00C04F79EFBC}") = "KawalCoronaSharp.Test", "KawalCoronaSharp.Test\KawalCoronaSharp.Test.csproj", "{BBB2E869-40C6-4D56-8BA1-C4A3362F0A48}"
	ProjectSection(ProjectDependencies) = postProject
		{1BBACF81-5F06-430A-AEA5-7CEB2C86F3C6} = {1BBACF81-5F06-430A-AEA5-7CEB2C86F3C6}
	EndProjectSection
EndProject
Global
	GlobalSection(SolutionConfigurationPlatforms) = preSolution
		Debug|Any CPU = Debug|Any CPU
		Release|Any CPU = Release|Any CPU
	EndGlobalSection
	GlobalSection(ProjectConfigurationPlatforms) = postSolution
		{1BBACF81-5F06-430A-AEA5-7CEB2C86F3C6}.Debug|Any CPU.ActiveCfg = Debug|Any CPU
		{1BBACF81-5F06-430A-AEA5-7CEB2C86F3C6}.Debug|Any CPU.Build.0 = Debug|Any CPU
		{1BBACF81-5F06-430A-AEA5-7CEB2C86F3C6}.Release|Any CPU.ActiveCfg = Release|Any CPU
		{1BBACF81-5F06-430A-AEA5-7CEB2C86F3C6}.Release|Any CPU.Build.0 = Release|Any CPU
		{BBB2E869-40C6-4D56-8BA1-C4A3362F0A48}.Debug|Any CPU.ActiveCfg = Debug|Any CPU
		{BBB2E869-40C6-4D56-8BA1-C4A3362F0A48}.Debug|Any CPU.Build.0 = Debug|Any CPU
		{BBB2E869-40C6-4D56-8BA1-C4A3362F0A48}.Release|Any CPU.ActiveCfg = Release|Any CPU
		{BBB2E869-40C6-4D56-8BA1-C4A3362F0A48}.Release|Any CPU.Build.0 = Release|Any CPU
	EndGlobalSection
	GlobalSection(SolutionProperties) = preSolution
		HideSolutionNode = FALSE
	EndGlobalSection
	GlobalSection(ExtensibilityGlobals) = postSolution
		SolutionGuid = {4F82E0D1-8773-4D36-8D6E-1491DA26F7DA}
	EndGlobalSection
EndGlobal
